
Microsoft Visual Studio Solution File, Format Version 12.00
# Visual Studio Version 16
VisualStudioVersion = 16.0.29709.97
MinimumVisualStudioVersion = 10.0.40219.1
Project("{9A19103F-16F7-4668-BE54-9A1E7A4F7556}") = "TransactionalBatchConsole", "TransactionalBatchConsole\TransactionalBatchConsole.csproj", "{301CF1DE-7621-4723-B188-AEA3BD8F07AF}"
EndProject
Global
	GlobalSection(SolutionConfigurationPlatforms) = preSolution
		Debug|Any CPU = Debug|Any CPU
		Release|Any CPU = Release|Any CPU
	EndGlobalSection
	GlobalSection(ProjectConfigurationPlatforms) = postSolution
		{301CF1DE-7621-4723-B188-AEA3BD8F07AF}.Debug|Any CPU.ActiveCfg = Debug|Any CPU
		{301CF1DE-7621-4723-B188-AEA3BD8F07AF}.Debug|Any CPU.Build.0 = Debug|Any CPU
		{301CF1DE-7621-4723-B188-AEA3BD8F07AF}.Release|Any CPU.ActiveCfg = Release|Any CPU
		{301CF1DE-7621-4723-B188-AEA3BD8F07AF}.Release|Any CPU.Build.0 = Release|Any CPU
	EndGlobalSection
	GlobalSection(SolutionProperties) = preSolution
		HideSolutionNode = FALSE
	EndGlobalSection
	GlobalSection(ExtensibilityGlobals) = postSolution
		SolutionGuid = {E62052B4-333E-4163-A744-0870B26D71C4}
	EndGlobalSection
EndGlobal
